
Microsoft Visual Studio Solution File, Format Version 12.00
# Visual Studio Version 16
VisualStudioVersion = 16.0.33328.57
MinimumVisualStudioVersion = 10.0.40219.1
Project("{FAE04EC0-301F-11D3-BF4B-00C04F79EFBC}") = "Pro_QuanLyBanHang2023", "Pro_QuanLyBanHang2023\Pro_QuanLyBanHang2023.csproj", "{689FB645-A398-4BB6-A258-91374682344D}"
EndProject
Project("{FAE04EC0-301F-11D3-BF4B-00C04F79EFBC}") = "DataLayer", "DataLayer\DataLayer.csproj", "{3DC5085B-66F7-40EA-A3F1-3C15521519CC}"
EndProject
Project("{FAE04EC0-301F-11D3-BF4B-00C04F79EFBC}") = "Commons", "Commons\Commons.csproj", "{94D77DB5-12E9-406B-9C48-DD827D4422AE}"
EndProject
Global
	GlobalSection(SolutionConfigurationPlatforms) = preSolution
		Debug|Any CPU = Debug|Any CPU
		Release|Any CPU = Release|Any CPU
	EndGlobalSection
	GlobalSection(ProjectConfigurationPlatforms) = postSolution
		{689FB645-A398-4BB6-A258-91374682344D}.Debug|Any CPU.ActiveCfg = Debug|Any CPU
		{689FB645-A398-4BB6-A258-91374682344D}.Debug|Any CPU.Build.0 = Debug|Any CPU
		{689FB645-A398-4BB6-A258-91374682344D}.Release|Any CPU.ActiveCfg = Release|Any CPU
		{689FB645-A398-4BB6-A258-91374682344D}.Release|Any CPU.Build.0 = Release|Any CPU
		{3DC5085B-66F7-40EA-A3F1-3C15521519CC}.Debug|Any CPU.ActiveCfg = Debug|Any CPU
		{3DC5085B-66F7-40EA-A3F1-3C15521519CC}.Debug|Any CPU.Build.0 = Debug|Any CPU
		{3DC5085B-66F7-40EA-A3F1-3C15521519CC}.Release|Any CPU.ActiveCfg = Release|Any CPU
		{3DC5085B-66F7-40EA-A3F1-3C15521519CC}.Release|Any CPU.Build.0 = Release|Any CPU
		{94D77DB5-12E9-406B-9C48-DD827D4422AE}.Debug|Any CPU.ActiveCfg = Debug|Any CPU
		{94D77DB5-12E9-406B-9C48-DD827D4422AE}.Debug|Any CPU.Build.0 = Debug|Any CPU
		{94D77DB5-12E9-406B-9C48-DD827D4422AE}.Release|Any CPU.ActiveCfg = Release|Any CPU
		{94D77DB5-12E9-406B-9C48-DD827D4422AE}.Release|Any CPU.Build.0 = Release|Any CPU
	EndGlobalSection
	GlobalSection(SolutionProperties) = preSolution
		HideSolutionNode = FALSE
	EndGlobalSection
	GlobalSection(ExtensibilityGlobals) = postSolution
		SolutionGuid = {5F5778E6-6065-4FEC-99BF-7DA1BFBCB4E5}
	EndGlobalSection
EndGlobal
